// !$*UTF8*$!
{
	archiveVersion = 1;
	classes = {
	};
	objectVersion = 56;
	objects = {

/* Begin PBXBuildFile section */
		551DB9982B7753F900B698A9 /* PlantHome.swift in Sources */ = {isa = PBXBuildFile; fileRef = 551DB9972B7753F900B698A9 /* PlantHome.swift */; };
		551DB99A2B7755F700B698A9 /* PlantDetails.swift in Sources */ = {isa = PBXBuildFile; fileRef = 551DB9992B7755F700B698A9 /* PlantDetails.swift */; };
		551DB99D2B775D3C00B698A9 /* PlantListResponse.swift in Sources */ = {isa = PBXBuildFile; fileRef = 551DB99C2B775D3C00B698A9 /* PlantListResponse.swift */; };
		551DB9A02B775E3100B698A9 /* PlantListView.swift in Sources */ = {isa = PBXBuildFile; fileRef = 551DB99F2B775E3100B698A9 /* PlantListView.swift */; };
		551DB9A22B77610A00B698A9 /* PlantListItemView.swift in Sources */ = {isa = PBXBuildFile; fileRef = 551DB9A12B77610A00B698A9 /* PlantListItemView.swift */; };
		551DB9A42B77625700B698A9 /* PlantListController.swift in Sources */ = {isa = PBXBuildFile; fileRef = 551DB9A32B77625700B698A9 /* PlantListController.swift */; };
		5594DCF52B6D5E210004F4DD /* PlantSnapApp.swift in Sources */ = {isa = PBXBuildFile; fileRef = 5594DCF42B6D5E210004F4DD /* PlantSnapApp.swift */; };
		5594DCF72B6D5E210004F4DD /* ContentView.swift in Sources */ = {isa = PBXBuildFile; fileRef = 5594DCF62B6D5E210004F4DD /* ContentView.swift */; };
		5594DCF92B6D5E220004F4DD /* Assets.xcassets in Resources */ = {isa = PBXBuildFile; fileRef = 5594DCF82B6D5E220004F4DD /* Assets.xcassets */; };
		5594DCFC2B6D5E220004F4DD /* Preview Assets.xcassets in Resources */ = {isa = PBXBuildFile; fileRef = 5594DCFB2B6D5E220004F4DD /* Preview Assets.xcassets */; };
/* End PBXBuildFile section */

/* Begin PBXFileReference section */
		551DB9972B7753F900B698A9 /* PlantHome.swift */ = {isa = PBXFileReference; lastKnownFileType = sourcecode.swift; path = PlantHome.swift; sourceTree = "<group>"; };
		551DB9992B7755F700B698A9 /* PlantDetails.swift */ = {isa = PBXFileReference; lastKnownFileType = sourcecode.swift; path = PlantDetails.swift; sourceTree = "<group>"; };
		551DB99C2B775D3C00B698A9 /* PlantListResponse.swift */ = {isa = PBXFileReference; lastKnownFileType = sourcecode.swift; path = PlantListResponse.swift; sourceTree = "<group>"; };
		551DB99F2B775E3100B698A9 /* PlantListView.swift */ = {isa = PBXFileReference; lastKnownFileType = sourcecode.swift; path = PlantListView.swift; sourceTree = "<group>"; };
		551DB9A12B77610A00B698A9 /* PlantListItemView.swift */ = {isa = PBXFileReference; lastKnownFileType = sourcecode.swift; path = PlantListItemView.swift; sourceTree = "<group>"; };
		551DB9A32B77625700B698A9 /* PlantListController.swift */ = {isa = PBXFileReference; lastKnownFileType = sourcecode.swift; path = PlantListController.swift; sourceTree = "<group>"; };
		5594DCF12B6D5E210004F4DD /* PlantSnap.app */ = {isa = PBXFileReference; explicitFileType = wrapper.application; includeInIndex = 0; path = PlantSnap.app; sourceTree = BUILT_PRODUCTS_DIR; };
		5594DCF42B6D5E210004F4DD /* PlantSnapApp.swift */ = {isa = PBXFileReference; lastKnownFileType = sourcecode.swift; path = PlantSnapApp.swift; sourceTree = "<group>"; };
		5594DCF62B6D5E210004F4DD /* ContentView.swift */ = {isa = PBXFileReference; lastKnownFileType = sourcecode.swift; path = ContentView.swift; sourceTree = "<group>"; };
		5594DCF82B6D5E220004F4DD /* Assets.xcassets */ = {isa = PBXFileReference; lastKnownFileType = folder.assetcatalog; path = Assets.xcassets; sourceTree = "<group>"; };
		5594DCFB2B6D5E220004F4DD /* Preview Assets.xcassets */ = {isa = PBXFileReference; lastKnownFileType = folder.assetcatalog; path = "Preview Assets.xcassets"; sourceTree = "<group>"; };
/* End PBXFileReference section */

/* Begin PBXFrameworksBuildPhase section */
		5594DCEE2B6D5E210004F4DD /* Frameworks */ = {
			isa = PBXFrameworksBuildPhase;
			buildActionMask = 2147483647;
			files = (
			);
			runOnlyForDeploymentPostprocessing = 0;
		};
/* End PBXFrameworksBuildPhase section */

/* Begin PBXGroup section */
		551DB9942B77534E00B698A9 /* Controller */ = {
			isa = PBXGroup;
			children = (
				551DB9A32B77625700B698A9 /* PlantListController.swift */,
			);
			path = Controller;
			sourceTree = "<group>";
		};
		551DB9952B77536400B698A9 /* View */ = {
			isa = PBXGroup;
			children = (
				551DB99F2B775E3100B698A9 /* PlantListView.swift */,
				551DB9A12B77610A00B698A9 /* PlantListItemView.swift */,
			);
			path = View;
			sourceTree = "<group>";
		};
		551DB9962B77537000B698A9 /* Model */ = {
			isa = PBXGroup;
			children = (
				551DB9972B7753F900B698A9 /* PlantHome.swift */,
				551DB9992B7755F700B698A9 /* PlantDetails.swift */,
				551DB99C2B775D3C00B698A9 /* PlantListResponse.swift */,
			);
			path = Model;
			sourceTree = "<group>";
		};
		551DB99B2B77572B00B698A9 /* Base */ = {
			isa = PBXGroup;
			children = (
				5594DCF42B6D5E210004F4DD /* PlantSnapApp.swift */,
				5594DCF62B6D5E210004F4DD /* ContentView.swift */,
			);
			path = Base;
			sourceTree = "<group>";
		};
		5594DCE82B6D5E210004F4DD = {
			isa = PBXGroup;
			children = (
				5594DCF32B6D5E210004F4DD /* PlantSnap */,
				5594DCF22B6D5E210004F4DD /* Products */,
			);
			sourceTree = "<group>";
		};
		5594DCF22B6D5E210004F4DD /* Products */ = {
			isa = PBXGroup;
			children = (
				5594DCF12B6D5E210004F4DD /* PlantSnap.app */,
			);
			name = Products;
			sourceTree = "<group>";
		};
		5594DCF32B6D5E210004F4DD /* PlantSnap */ = {
			isa = PBXGroup;
			children = (
				551DB99B2B77572B00B698A9 /* Base */,
				551DB9962B77537000B698A9 /* Model */,
				551DB9952B77536400B698A9 /* View */,
				551DB9942B77534E00B698A9 /* Controller */,
				5594DCF82B6D5E220004F4DD /* Assets.xcassets */,
				5594DCFA2B6D5E220004F4DD /* Preview Content */,
			);
			path = PlantSnap;
			sourceTree = "<group>";
		};
		5594DCFA2B6D5E220004F4DD /* Preview Content */ = {
			isa = PBXGroup;
			children = (
				5594DCFB2B6D5E220004F4DD /* Preview Assets.xcassets */,
			);
			path = "Preview Content";
			sourceTree = "<group>";
		};
/* End PBXGroup section */

/* Begin PBXNativeTarget section */
		5594DCF02B6D5E210004F4DD /* PlantSnap */ = {
			isa = PBXNativeTarget;
			buildConfigurationList = 5594DCFF2B6D5E220004F4DD /* Build configuration list for PBXNativeTarget "PlantSnap" */;
			buildPhases = (
				5594DCED2B6D5E210004F4DD /* Sources */,
				5594DCEE2B6D5E210004F4DD /* Frameworks */,
				5594DCEF2B6D5E210004F4DD /* Resources */,
			);
			buildRules = (
			);
			dependencies = (
			);
			name = PlantSnap;
			productName = PlantSnap;
			productReference = 5594DCF12B6D5E210004F4DD /* PlantSnap.app */;
			productType = "com.apple.product-type.application";
		};
/* End PBXNativeTarget section */

/* Begin PBXProject section */
		5594DCE92B6D5E210004F4DD /* Project object */ = {
			isa = PBXProject;
			attributes = {
				BuildIndependentTargetsInParallel = 1;
				LastSwiftUpdateCheck = 1500;
				LastUpgradeCheck = 1500;
				TargetAttributes = {
					5594DCF02B6D5E210004F4DD = {
						CreatedOnToolsVersion = 15.0;
					};
				};
			};
			buildConfigurationList = 5594DCEC2B6D5E210004F4DD /* Build configuration list for PBXProject "PlantSnap" */;
			compatibilityVersion = "Xcode 14.0";
			developmentRegion = en;
			hasScannedForEncodings = 0;
			knownRegions = (
				en,
				Base,
			);
			mainGroup = 5594DCE82B6D5E210004F4DD;
			productRefGroup = 5594DCF22B6D5E210004F4DD /* Products */;
			projectDirPath = "";
			projectRoot = "";
			targets = (
				5594DCF02B6D5E210004F4DD /* PlantSnap */,
			);
		};
/* End PBXProject section */

/* Begin PBXResourcesBuildPhase section */
		5594DCEF2B6D5E210004F4DD /* Resources */ = {
			isa = PBXResourcesBuildPhase;
			buildActionMask = 2147483647;
			files = (
				5594DCFC2B6D5E220004F4DD /* Preview Assets.xcassets in Resources */,
				5594DCF92B6D5E220004F4DD /* Assets.xcassets in Resources */,
			);
			runOnlyForDeploymentPostprocessing = 0;
		};
/* End PBXResourcesBuildPhase section */

/* Begin PBXSourcesBuildPhase section */
		5594DCED2B6D5E210004F4DD /* Sources */ = {
			isa = PBXSourcesBuildPhase;
			buildActionMask = 2147483647;
			files = (
				5594DCF72B6D5E210004F4DD /* ContentView.swift in Sources */,
				551DB9982B7753F900B698A9 /* PlantHome.swift in Sources */,
				551DB9A02B775E3100B698A9 /* PlantListView.swift in Sources */,
				551DB9A42B77625700B698A9 /* PlantListController.swift in Sources */,
				551DB9A22B77610A00B698A9 /* PlantListItemView.swift in Sources */,
				551DB99D2B775D3C00B698A9 /* PlantListResponse.swift in Sources */,
				551DB99A2B7755F700B698A9 /* PlantDetails.swift in Sources */,
				5594DCF52B6D5E210004F4DD /* PlantSnapApp.swift in Sources */,
			);
			runOnlyForDeploymentPostprocessing = 0;
		};
/* End PBXSourcesBuildPhase section */

/* Begin XCBuildConfiguration section */
		5594DCFD2B6D5E220004F4DD /* Debug */ = {
			isa = XCBuildConfiguration;
			buildSettings = {
				ALWAYS_SEARCH_USER_PATHS = NO;
				ASSETCATALOG_COMPILER_GENERATE_SWIFT_ASSET_SYMBOL_EXTENSIONS = YES;
				CLANG_ANALYZER_NONNULL = YES;
				CLANG_ANALYZER_NUMBER_OBJECT_CONVERSION = YES_AGGRESSIVE;
				CLANG_CXX_LANGUAGE_STANDARD = "gnu++20";
				CLANG_ENABLE_MODULES = YES;
				CLANG_ENABLE_OBJC_ARC = YES;
				CLANG_ENABLE_OBJC_WEAK = YES;
				CLANG_WARN_BLOCK_CAPTURE_AUTORELEASING = YES;
				CLANG_WARN_BOOL_CONVERSION = YES;
				CLANG_WARN_COMMA = YES;
				CLANG_WARN_CONSTANT_CONVERSION = YES;
				CLANG_WARN_DEPRECATED_OBJC_IMPLEMENTATIONS = YES;
				CLANG_WARN_DIRECT_OBJC_ISA_USAGE = YES_ERROR;
				CLANG_WARN_DOCUMENTATION_COMMENTS = YES;
				CLANG_WARN_EMPTY_BODY = YES;
				CLANG_WARN_ENUM_CONVERSION = YES;
				CLANG_WARN_INFINITE_RECURSION = YES;
				CLANG_WARN_INT_CONVERSION = YES;
				CLANG_WARN_NON_LITERAL_NULL_CONVERSION = YES;
				CLANG_WARN_OBJC_IMPLICIT_RETAIN_SELF = YES;
				CLANG_WARN_OBJC_LITERAL_CONVERSION = YES;
				CLANG_WARN_OBJC_ROOT_CLASS = YES_ERROR;
				CLANG_WARN_QUOTED_INCLUDE_IN_FRAMEWORK_HEADER = YES;
				CLANG_WARN_RANGE_LOOP_ANALYSIS = YES;
				CLANG_WARN_STRICT_PROTOTYPES = YES;
				CLANG_WARN_SUSPICIOUS_MOVE = YES;
				CLANG_WARN_UNGUARDED_AVAILABILITY = YES_AGGRESSIVE;
				CLANG_WARN_UNREACHABLE_CODE = YES;
				CLANG_WARN__DUPLICATE_METHOD_MATCH = YES;
				COPY_PHASE_STRIP = NO;
				DEBUG_INFORMATION_FORMAT = dwarf;
				ENABLE_STRICT_OBJC_MSGSEND = YES;
				ENABLE_TESTABILITY = YES;
				ENABLE_USER_SCRIPT_SANDBOXING = YES;
				GCC_C_LANGUAGE_STANDARD = gnu17;
				GCC_DYNAMIC_NO_PIC = NO;
				GCC_NO_COMMON_BLOCKS = YES;
				GCC_OPTIMIZATION_LEVEL = 0;
				GCC_PREPROCESSOR_DEFINITIONS = (
					"DEBUG=1",
					"$(inherited)",
				);
				GCC_WARN_64_TO_32_BIT_CONVERSION = YES;
				GCC_WARN_ABOUT_RETURN_TYPE = YES_ERROR;
				GCC_WARN_UNDECLARED_SELECTOR = YES;
				GCC_WARN_UNINITIALIZED_AUTOS = YES_AGGRESSIVE;
				GCC_WARN_UNUSED_FUNCTION = YES;
				GCC_WARN_UNUSED_VARIABLE = YES;
				IPHONEOS_DEPLOYMENT_TARGET = 17.0;
				LOCALIZATION_PREFERS_STRING_CATALOGS = YES;
				MTL_ENABLE_DEBUG_INFO = INCLUDE_SOURCE;
				MTL_FAST_MATH = YES;
				ONLY_ACTIVE_ARCH = YES;
				SDKROOT = iphoneos;
				SWIFT_ACTIVE_COMPILATION_CONDITIONS = "DEBUG $(inherited)";
				SWIFT_OPTIMIZATION_LEVEL = "-Onone";
			};
			name = Debug;
		};
		5594DCFE2B6D5E220004F4DD /* Release */ = {
			isa = XCBuildConfiguration;
			buildSettings = {
				ALWAYS_SEARCH_USER_PATHS = NO;
				ASSETCATALOG_COMPILER_GENERATE_SWIFT_ASSET_SYMBOL_EXTENSIONS = YES;
				CLANG_ANALYZER_NONNULL = YES;
				CLANG_ANALYZER_NUMBER_OBJECT_CONVERSION = YES_AGGRESSIVE;
				CLANG_CXX_LANGUAGE_STANDARD = "gnu++20";
				CLANG_ENABLE_MODULES = YES;
				CLANG_ENABLE_OBJC_ARC = YES;
				CLANG_ENABLE_OBJC_WEAK = YES;
				CLANG_WARN_BLOCK_CAPTURE_AUTORELEASING = YES;
				CLANG_WARN_BOOL_CONVERSION = YES;
				CLANG_WARN_COMMA = YES;
				CLANG_WARN_CONSTANT_CONVERSION = YES;
				CLANG_WARN_DEPRECATED_OBJC_IMPLEMENTATIONS = YES;
				CLANG_WARN_DIRECT_OBJC_ISA_USAGE = YES_ERROR;
				CLANG_WARN_DOCUMENTATION_COMMENTS = YES;
				CLANG_WARN_EMPTY_BODY = YES;
				CLANG_WARN_ENUM_CONVERSION = YES;
				CLANG_WARN_INFINITE_RECURSION = YES;
				CLANG_WARN_INT_CONVERSION = YES;
				CLANG_WARN_NON_LITERAL_NULL_CONVERSION = YES;
				CLANG_WARN_OBJC_IMPLICIT_RETAIN_SELF = YES;
				CLANG_WARN_OBJC_LITERAL_CONVERSION = YES;
				CLANG_WARN_OBJC_ROOT_CLASS = YES_ERROR;
				CLANG_WARN_QUOTED_INCLUDE_IN_FRAMEWORK_HEADER = YES;
				CLANG_WARN_RANGE_LOOP_ANALYSIS = YES;
				CLANG_WARN_STRICT_PROTOTYPES = YES;
				CLANG_WARN_SUSPICIOUS_MOVE = YES;
				CLANG_WARN_UNGUARDED_AVAILABILITY = YES_AGGRESSIVE;
				CLANG_WARN_UNREACHABLE_CODE = YES;
				CLANG_WARN__DUPLICATE_METHOD_MATCH = YES;
				COPY_PHASE_STRIP = NO;
				DEBUG_INFORMATION_FORMAT = "dwarf-with-dsym";
				ENABLE_NS_ASSERTIONS = NO;
				ENABLE_STRICT_OBJC_MSGSEND = YES;
				ENABLE_USER_SCRIPT_SANDBOXING = YES;
				GCC_C_LANGUAGE_STANDARD = gnu17;
				GCC_NO_COMMON_BLOCKS = YES;
				GCC_WARN_64_TO_32_BIT_CONVERSION = YES;
				GCC_WARN_ABOUT_RETURN_TYPE = YES_ERROR;
				GCC_WARN_UNDECLARED_SELECTOR = YES;
				GCC_WARN_UNINITIALIZED_AUTOS = YES_AGGRESSIVE;
				GCC_WARN_UNUSED_FUNCTION = YES;
				GCC_WARN_UNUSED_VARIABLE = YES;
				IPHONEOS_DEPLOYMENT_TARGET = 17.0;
				LOCALIZATION_PREFERS_STRING_CATALOGS = YES;
				MTL_ENABLE_DEBUG_INFO = NO;
				MTL_FAST_MATH = YES;
				SDKROOT = iphoneos;
				SWIFT_COMPILATION_MODE = wholemodule;
				VALIDATE_PRODUCT = YES;
			};
			name = Release;
		};
		5594DD002B6D5E220004F4DD /* Debug */ = {
			isa = XCBuildConfiguration;
			buildSettings = {
				ASSETCATALOG_COMPILER_APPICON_NAME = AppIcon;
				ASSETCATALOG_COMPILER_GLOBAL_ACCENT_COLOR_NAME = AccentColor;
				CODE_SIGN_STYLE = Automatic;
				CURRENT_PROJECT_VERSION = 1;
				DEVELOPMENT_ASSET_PATHS = "\"PlantSnap/Preview Content\"";
				ENABLE_PREVIEWS = YES;
				GENERATE_INFOPLIST_FILE = YES;
				INFOPLIST_KEY_UIApplicationSceneManifest_Generation = YES;
				INFOPLIST_KEY_UIApplicationSupportsIndirectInputEvents = YES;
				INFOPLIST_KEY_UILaunchScreen_Generation = YES;
				INFOPLIST_KEY_UISupportedInterfaceOrientations_iPad = "UIInterfaceOrientationPortrait UIInterfaceOrientationPortraitUpsideDown UIInterfaceOrientationLandscapeLeft UIInterfaceOrientationLandscapeRight";
				INFOPLIST_KEY_UISupportedInterfaceOrientations_iPhone = "UIInterfaceOrientationPortrait UIInterfaceOrientationLandscapeLeft UIInterfaceOrientationLandscapeRight";
				LD_RUNPATH_SEARCH_PATHS = (
					"$(inherited)",
					"@executable_path/Frameworks",
				);
				MARKETING_VERSION = 1.0;
				PRODUCT_BUNDLE_IDENTIFIER = com.yashlan.PlantSnap;
				PRODUCT_NAME = "$(TARGET_NAME)";
				SWIFT_EMIT_LOC_STRINGS = YES;
				SWIFT_VERSION = 5.0;
				TARGETED_DEVICE_FAMILY = "1,2";
			};
			name = Debug;
		};
		5594DD012B6D5E220004F4DD /* Release */ = {
			isa = XCBuildConfiguration;
			buildSettings = {
				ASSETCATALOG_COMPILER_APPICON_NAME = AppIcon;
				ASSETCATALOG_COMPILER_GLOBAL_ACCENT_COLOR_NAME = AccentColor;
				CODE_SIGN_STYLE = Automatic;
				CURRENT_PROJECT_VERSION = 1;
				DEVELOPMENT_ASSET_PATHS = "\"PlantSnap/Preview Content\"";
				ENABLE_PREVIEWS = YES;
				GENERATE_INFOPLIST_FILE = YES;
				INFOPLIST_KEY_UIApplicationSceneManifest_Generation = YES;
				INFOPLIST_KEY_UIApplicationSupportsIndirectInputEvents = YES;
				INFOPLIST_KEY_UILaunchScreen_Generation = YES;
				INFOPLIST_KEY_UISupportedInterfaceOrientations_iPad = "UIInterfaceOrientationPortrait UIInterfaceOrientationPortraitUpsideDown UIInterfaceOrientationLandscapeLeft UIInterfaceOrientationLandscapeRight";
				INFOPLIST_KEY_UISupportedInterfaceOrientations_iPhone = "UIInterfaceOrientationPortrait UIInterfaceOrientationLandscapeLeft UIInterfaceOrientationLandscapeRight";
				LD_RUNPATH_SEARCH_PATHS = (
					"$(inherited)",
					"@executable_path/Frameworks",
				);
				MARKETING_VERSION = 1.0;
				PRODUCT_BUNDLE_IDENTIFIER = com.yashlan.PlantSnap;
				PRODUCT_NAME = "$(TARGET_NAME)";
				SWIFT_EMIT_LOC_STRINGS = YES;
				SWIFT_VERSION = 5.0;
				TARGETED_DEVICE_FAMILY = "1,2";
			};
			name = Release;
		};
/* End XCBuildConfiguration section */

/* Begin XCConfigurationList section */
		5594DCEC2B6D5E210004F4DD /* Build configuration list for PBXProject "PlantSnap" */ = {
			isa = XCConfigurationList;
			buildConfigurations = (
				5594DCFD2B6D5E220004F4DD /* Debug */,
				5594DCFE2B6D5E220004F4DD /* Release */,
			);
			defaultConfigurationIsVisible = 0;
			defaultConfigurationName = Release;
		};
		5594DCFF2B6D5E220004F4DD /* Build configuration list for PBXNativeTarget "PlantSnap" */ = {
			isa = XCConfigurationList;
			buildConfigurations = (
				5594DD002B6D5E220004F4DD /* Debug */,
				5594DD012B6D5E220004F4DD /* Release */,
			);
			defaultConfigurationIsVisible = 0;
			defaultConfigurationName = Release;
		};
/* End XCConfigurationList section */
	};
	rootObject = 5594DCE92B6D5E210004F4DD /* Project object */;
}
